// !$*UTF8*$!
{
	archiveVersion = 1;
	classes = {
	};
	objectVersion = 46;
	objects = {

/* Begin PBXBuildFile section */
		10020F1F1D82760700F2E95E /* AppDelegate.swift in Sources */ = {isa = PBXBuildFile; fileRef = 10020F1E1D82760700F2E95E /* AppDelegate.swift */; };
		10020F211D82760700F2E95E /* ViewController.swift in Sources */ = {isa = PBXBuildFile; fileRef = 10020F201D82760700F2E95E /* ViewController.swift */; };
		10020F241D82760700F2E95E /* Main.storyboard in Resources */ = {isa = PBXBuildFile; fileRef = 10020F221D82760700F2E95E /* Main.storyboard */; };
		10020F261D82760700F2E95E /* Assets.xcassets in Resources */ = {isa = PBXBuildFile; fileRef = 10020F251D82760700F2E95E /* Assets.xcassets */; };
		10020F291D82760700F2E95E /* LaunchScreen.storyboard in Resources */ = {isa = PBXBuildFile; fileRef = 10020F271D82760700F2E95E /* LaunchScreen.storyboard */; };
		10020F341D82760700F2E95E /* BlightnessPlayerTests.swift in Sources */ = {isa = PBXBuildFile; fileRef = 10020F331D82760700F2E95E /* BlightnessPlayerTests.swift */; };
		10020F3F1D82760700F2E95E /* BlightnessPlayerUITests.swift in Sources */ = {isa = PBXBuildFile; fileRef = 10020F3E1D82760700F2E95E /* BlightnessPlayerUITests.swift */; };
		1074A9971DA7400B0073E70C /* images in Resources */ = {isa = PBXBuildFile; fileRef = 1074A9961DA7400B0073E70C /* images */; };
		1093862C1D9E05B200F03E13 /* Button_Custom.swift in Sources */ = {isa = PBXBuildFile; fileRef = 1093862B1D9E05B200F03E13 /* Button_Custom.swift */; };
		1093862E1D9E088F00F03E13 /* View_Custom.swift in Sources */ = {isa = PBXBuildFile; fileRef = 1093862D1D9E088F00F03E13 /* View_Custom.swift */; };
		109386301D9E290D00F03E13 /* PlayViewController.swift in Sources */ = {isa = PBXBuildFile; fileRef = 1093862F1D9E290D00F03E13 /* PlayViewController.swift */; };
		10B412EC1D8BD1C2002E9EFD /* MediaPlayer.framework in Frameworks */ = {isa = PBXBuildFile; fileRef = 10B412EB1D8BD1C2002E9EFD /* MediaPlayer.framework */; };
		10E538901D8BC59B000BC463 /* SettingViewController.swift in Sources */ = {isa = PBXBuildFile; fileRef = 10E5388F1D8BC59B000BC463 /* SettingViewController.swift */; };
		16DD34251D9A7AB10098AB5A /* UIImageExtension.swift in Sources */ = {isa = PBXBuildFile; fileRef = 16DD34241D9A7AB10098AB5A /* UIImageExtension.swift */; };
/* End PBXBuildFile section */

/* Begin PBXContainerItemProxy section */
		10020F301D82760700F2E95E /* PBXContainerItemProxy */ = {
			isa = PBXContainerItemProxy;
			containerPortal = 10020F131D82760700F2E95E /* Project object */;
			proxyType = 1;
			remoteGlobalIDString = 10020F1A1D82760700F2E95E;
			remoteInfo = BlightnessPlayer;
		};
		10020F3B1D82760700F2E95E /* PBXContainerItemProxy */ = {
			isa = PBXContainerItemProxy;
			containerPortal = 10020F131D82760700F2E95E /* Project object */;
			proxyType = 1;
			remoteGlobalIDString = 10020F1A1D82760700F2E95E;
			remoteInfo = BlightnessPlayer;
		};
/* End PBXContainerItemProxy section */

/* Begin PBXFileReference section */
		10020F1B1D82760700F2E95E /* BlightnessPlayer.app */ = {isa = PBXFileReference; explicitFileType = wrapper.application; includeInIndex = 0; path = BlightnessPlayer.app; sourceTree = BUILT_PRODUCTS_DIR; };
		10020F1E1D82760700F2E95E /* AppDelegate.swift */ = {isa = PBXFileReference; lastKnownFileType = sourcecode.swift; path = AppDelegate.swift; sourceTree = "<group>"; };
		10020F201D82760700F2E95E /* ViewController.swift */ = {isa = PBXFileReference; indentWidth = 5; lastKnownFileType = sourcecode.swift; path = ViewController.swift; sourceTree = "<group>"; };
		10020F231D82760700F2E95E /* Base */ = {isa = PBXFileReference; lastKnownFileType = file.storyboard; name = Base; path = Base.lproj/Main.storyboard; sourceTree = "<group>"; };
		10020F251D82760700F2E95E /* Assets.xcassets */ = {isa = PBXFileReference; lastKnownFileType = folder.assetcatalog; path = Assets.xcassets; sourceTree = "<group>"; };
		10020F281D82760700F2E95E /* Base */ = {isa = PBXFileReference; lastKnownFileType = file.storyboard; name = Base; path = Base.lproj/LaunchScreen.storyboard; sourceTree = "<group>"; };
		10020F2A1D82760700F2E95E /* Info.plist */ = {isa = PBXFileReference; lastKnownFileType = text.plist.xml; path = Info.plist; sourceTree = "<group>"; };
		10020F2F1D82760700F2E95E /* BlightnessPlayerTests.xctest */ = {isa = PBXFileReference; explicitFileType = wrapper.cfbundle; includeInIndex = 0; path = BlightnessPlayerTests.xctest; sourceTree = BUILT_PRODUCTS_DIR; };
		10020F331D82760700F2E95E /* BlightnessPlayerTests.swift */ = {isa = PBXFileReference; lastKnownFileType = sourcecode.swift; path = BlightnessPlayerTests.swift; sourceTree = "<group>"; };
		10020F351D82760700F2E95E /* Info.plist */ = {isa = PBXFileReference; lastKnownFileType = text.plist.xml; path = Info.plist; sourceTree = "<group>"; };
		10020F3A1D82760700F2E95E /* BlightnessPlayerUITests.xctest */ = {isa = PBXFileReference; explicitFileType = wrapper.cfbundle; includeInIndex = 0; path = BlightnessPlayerUITests.xctest; sourceTree = BUILT_PRODUCTS_DIR; };
		10020F3E1D82760700F2E95E /* BlightnessPlayerUITests.swift */ = {isa = PBXFileReference; lastKnownFileType = sourcecode.swift; path = BlightnessPlayerUITests.swift; sourceTree = "<group>"; };
		10020F401D82760700F2E95E /* Info.plist */ = {isa = PBXFileReference; lastKnownFileType = text.plist.xml; path = Info.plist; sourceTree = "<group>"; };
		1074A9961DA7400B0073E70C /* images */ = {isa = PBXFileReference; lastKnownFileType = folder; path = images; sourceTree = "<group>"; };
		1093862B1D9E05B200F03E13 /* Button_Custom.swift */ = {isa = PBXFileReference; fileEncoding = 4; lastKnownFileType = sourcecode.swift; path = Button_Custom.swift; sourceTree = "<group>"; };
		1093862D1D9E088F00F03E13 /* View_Custom.swift */ = {isa = PBXFileReference; fileEncoding = 4; lastKnownFileType = sourcecode.swift; path = View_Custom.swift; sourceTree = "<group>"; };
		1093862F1D9E290D00F03E13 /* PlayViewController.swift */ = {isa = PBXFileReference; fileEncoding = 4; lastKnownFileType = sourcecode.swift; path = PlayViewController.swift; sourceTree = "<group>"; };
		10B412EB1D8BD1C2002E9EFD /* MediaPlayer.framework */ = {isa = PBXFileReference; lastKnownFileType = wrapper.framework; name = MediaPlayer.framework; path = System/Library/Frameworks/MediaPlayer.framework; sourceTree = SDKROOT; };
		10E5388F1D8BC59B000BC463 /* SettingViewController.swift */ = {isa = PBXFileReference; fileEncoding = 4; lastKnownFileType = sourcecode.swift; path = SettingViewController.swift; sourceTree = "<group>"; };
		16DD34241D9A7AB10098AB5A /* UIImageExtension.swift */ = {isa = PBXFileReference; fileEncoding = 4; lastKnownFileType = sourcecode.swift; path = UIImageExtension.swift; sourceTree = "<group>"; };
/* End PBXFileReference section */

/* Begin PBXFrameworksBuildPhase section */
		10020F181D82760700F2E95E /* Frameworks */ = {
			isa = PBXFrameworksBuildPhase;
			buildActionMask = 2147483647;
			files = (
				10B412EC1D8BD1C2002E9EFD /* MediaPlayer.framework in Frameworks */,
			);
			runOnlyForDeploymentPostprocessing = 0;
		};
		10020F2C1D82760700F2E95E /* Frameworks */ = {
			isa = PBXFrameworksBuildPhase;
			buildActionMask = 2147483647;
			files = (
			);
			runOnlyForDeploymentPostprocessing = 0;
		};
		10020F371D82760700F2E95E /* Frameworks */ = {
			isa = PBXFrameworksBuildPhase;
			buildActionMask = 2147483647;
			files = (
			);
			runOnlyForDeploymentPostprocessing = 0;
		};
/* End PBXFrameworksBuildPhase section */

/* Begin PBXGroup section */
		10020F121D82760700F2E95E = {
			isa = PBXGroup;
			children = (
				10020F1D1D82760700F2E95E /* BlightnessPlayer */,
				10020F321D82760700F2E95E /* BlightnessPlayerTests */,
				10020F3D1D82760700F2E95E /* BlightnessPlayerUITests */,
				10020F1C1D82760700F2E95E /* Products */,
				10B412EA1D8BD1C1002E9EFD /* Frameworks */,
			);
			sourceTree = "<group>";
		};
		10020F1C1D82760700F2E95E /* Products */ = {
			isa = PBXGroup;
			children = (
				10020F1B1D82760700F2E95E /* BlightnessPlayer.app */,
				10020F2F1D82760700F2E95E /* BlightnessPlayerTests.xctest */,
				10020F3A1D82760700F2E95E /* BlightnessPlayerUITests.xctest */,
			);
			name = Products;
			sourceTree = "<group>";
		};
		10020F1D1D82760700F2E95E /* BlightnessPlayer */ = {
			isa = PBXGroup;
			children = (
				1074A9961DA7400B0073E70C /* images */,
				1093862A1D9E059300F03E13 /* UI */,
				10020F1E1D82760700F2E95E /* AppDelegate.swift */,
				10020F201D82760700F2E95E /* ViewController.swift */,
				10020F221D82760700F2E95E /* Main.storyboard */,
				10020F251D82760700F2E95E /* Assets.xcassets */,
				10020F271D82760700F2E95E /* LaunchScreen.storyboard */,
				10020F2A1D82760700F2E95E /* Info.plist */,
				10E5388F1D8BC59B000BC463 /* SettingViewController.swift */,
				16DD34241D9A7AB10098AB5A /* UIImageExtension.swift */,
				1093862F1D9E290D00F03E13 /* PlayViewController.swift */,
			);
			path = BlightnessPlayer;
			sourceTree = "<group>";
		};
		10020F321D82760700F2E95E /* BlightnessPlayerTests */ = {
			isa = PBXGroup;
			children = (
				10020F331D82760700F2E95E /* BlightnessPlayerTests.swift */,
				10020F351D82760700F2E95E /* Info.plist */,
			);
			path = BlightnessPlayerTests;
			sourceTree = "<group>";
		};
		10020F3D1D82760700F2E95E /* BlightnessPlayerUITests */ = {
			isa = PBXGroup;
			children = (
				10020F3E1D82760700F2E95E /* BlightnessPlayerUITests.swift */,
				10020F401D82760700F2E95E /* Info.plist */,
			);
			path = BlightnessPlayerUITests;
			sourceTree = "<group>";
		};
		1093862A1D9E059300F03E13 /* UI */ = {
			isa = PBXGroup;
			children = (
				1093862B1D9E05B200F03E13 /* Button_Custom.swift */,
				1093862D1D9E088F00F03E13 /* View_Custom.swift */,
			);
			name = UI;
			sourceTree = "<group>";
		};
		10B412EA1D8BD1C1002E9EFD /* Frameworks */ = {
			isa = PBXGroup;
			children = (
				10B412EB1D8BD1C2002E9EFD /* MediaPlayer.framework */,
			);
			name = Frameworks;
			sourceTree = "<group>";
		};
/* End PBXGroup section */

/* Begin PBXNativeTarget section */
		10020F1A1D82760700F2E95E /* BlightnessPlayer */ = {
			isa = PBXNativeTarget;
			buildConfigurationList = 10020F431D82760700F2E95E /* Build configuration list for PBXNativeTarget "BlightnessPlayer" */;
			buildPhases = (
				10020F171D82760700F2E95E /* Sources */,
				10020F181D82760700F2E95E /* Frameworks */,
				10020F191D82760700F2E95E /* Resources */,
			);
			buildRules = (
			);
			dependencies = (
			);
			name = BlightnessPlayer;
			productName = BlightnessPlayer;
			productReference = 10020F1B1D82760700F2E95E /* BlightnessPlayer.app */;
			productType = "com.apple.product-type.application";
		};
		10020F2E1D82760700F2E95E /* BlightnessPlayerTests */ = {
			isa = PBXNativeTarget;
			buildConfigurationList = 10020F461D82760700F2E95E /* Build configuration list for PBXNativeTarget "BlightnessPlayerTests" */;
			buildPhases = (
				10020F2B1D82760700F2E95E /* Sources */,
				10020F2C1D82760700F2E95E /* Frameworks */,
				10020F2D1D82760700F2E95E /* Resources */,
			);
			buildRules = (
			);
			dependencies = (
				10020F311D82760700F2E95E /* PBXTargetDependency */,
			);
			name = BlightnessPlayerTests;
			productName = BlightnessPlayerTests;
			productReference = 10020F2F1D82760700F2E95E /* BlightnessPlayerTests.xctest */;
			productType = "com.apple.product-type.bundle.unit-test";
		};
		10020F391D82760700F2E95E /* BlightnessPlayerUITests */ = {
			isa = PBXNativeTarget;
			buildConfigurationList = 10020F491D82760700F2E95E /* Build configuration list for PBXNativeTarget "BlightnessPlayerUITests" */;
			buildPhases = (
				10020F361D82760700F2E95E /* Sources */,
				10020F371D82760700F2E95E /* Frameworks */,
				10020F381D82760700F2E95E /* Resources */,
			);
			buildRules = (
			);
			dependencies = (
				10020F3C1D82760700F2E95E /* PBXTargetDependency */,
			);
			name = BlightnessPlayerUITests;
			productName = BlightnessPlayerUITests;
			productReference = 10020F3A1D82760700F2E95E /* BlightnessPlayerUITests.xctest */;
			productType = "com.apple.product-type.bundle.ui-testing";
		};
/* End PBXNativeTarget section */

/* Begin PBXProject section */
		10020F131D82760700F2E95E /* Project object */ = {
			isa = PBXProject;
			attributes = {
				LastSwiftUpdateCheck = 0730;
				LastUpgradeCheck = 0730;
				ORGANIZATIONNAME = knktkc;
				TargetAttributes = {
					10020F1A1D82760700F2E95E = {
						CreatedOnToolsVersion = 7.3.1;
						DevelopmentTeam = FKX54925F6;
						LastSwiftMigration = 0800;
					};
					10020F2E1D82760700F2E95E = {
						CreatedOnToolsVersion = 7.3.1;
						LastSwiftMigration = 0800;
						TestTargetID = 10020F1A1D82760700F2E95E;
					};
					10020F391D82760700F2E95E = {
						CreatedOnToolsVersion = 7.3.1;
						LastSwiftMigration = 0800;
						TestTargetID = 10020F1A1D82760700F2E95E;
					};
				};
			};
			buildConfigurationList = 10020F161D82760700F2E95E /* Build configuration list for PBXProject "BlightnessPlayer" */;
			compatibilityVersion = "Xcode 3.2";
			developmentRegion = English;
			hasScannedForEncodings = 0;
			knownRegions = (
				en,
				Base,
			);
			mainGroup = 10020F121D82760700F2E95E;
			productRefGroup = 10020F1C1D82760700F2E95E /* Products */;
			projectDirPath = "";
			projectRoot = "";
			targets = (
				10020F1A1D82760700F2E95E /* BlightnessPlayer */,
				10020F2E1D82760700F2E95E /* BlightnessPlayerTests */,
				10020F391D82760700F2E95E /* BlightnessPlayerUITests */,
			);
		};
/* End PBXProject section */

/* Begin PBXResourcesBuildPhase section */
		10020F191D82760700F2E95E /* Resources */ = {
			isa = PBXResourcesBuildPhase;
			buildActionMask = 2147483647;
			files = (
				1074A9971DA7400B0073E70C /* images in Resources */,
				10020F291D82760700F2E95E /* LaunchScreen.storyboard in Resources */,
				10020F261D82760700F2E95E /* Assets.xcassets in Resources */,
				10020F241D82760700F2E95E /* Main.storyboard in Resources */,
			);
			runOnlyForDeploymentPostprocessing = 0;
		};
		10020F2D1D82760700F2E95E /* Resources */ = {
			isa = PBXResourcesBuildPhase;
			buildActionMask = 2147483647;
			files = (
			);
			runOnlyForDeploymentPostprocessing = 0;
		};
		10020F381D82760700F2E95E /* Resources */ = {
			isa = PBXResourcesBuildPhase;
			buildActionMask = 2147483647;
			files = (
			);
			runOnlyForDeploymentPostprocessing = 0;
		};
/* End PBXResourcesBuildPhase section */

/* Begin PBXSourcesBuildPhase section */
		10020F171D82760700F2E95E /* Sources */ = {
			isa = PBXSourcesBuildPhase;
			buildActionMask = 2147483647;
			files = (
				1093862C1D9E05B200F03E13 /* Button_Custom.swift in Sources */,
				1093862E1D9E088F00F03E13 /* View_Custom.swift in Sources */,
				10020F211D82760700F2E95E /* ViewController.swift in Sources */,
				10020F1F1D82760700F2E95E /* AppDelegate.swift in Sources */,
				10E538901D8BC59B000BC463 /* SettingViewController.swift in Sources */,
				109386301D9E290D00F03E13 /* PlayViewController.swift in Sources */,
				16DD34251D9A7AB10098AB5A /* UIImageExtension.swift in Sources */,
			);
			runOnlyForDeploymentPostprocessing = 0;
		};
		10020F2B1D82760700F2E95E /* Sources */ = {
			isa = PBXSourcesBuildPhase;
			buildActionMask = 2147483647;
			files = (
				10020F341D82760700F2E95E /* BlightnessPlayerTests.swift in Sources */,
			);
			runOnlyForDeploymentPostprocessing = 0;
		};
		10020F361D82760700F2E95E /* Sources */ = {
			isa = PBXSourcesBuildPhase;
			buildActionMask = 2147483647;
			files = (
				10020F3F1D82760700F2E95E /* BlightnessPlayerUITests.swift in Sources */,
			);
			runOnlyForDeploymentPostprocessing = 0;
		};
/* End PBXSourcesBuildPhase section */

/* Begin PBXTargetDependency section */
		10020F311D82760700F2E95E /* PBXTargetDependency */ = {
			isa = PBXTargetDependency;
			target = 10020F1A1D82760700F2E95E /* BlightnessPlayer */;
			targetProxy = 10020F301D82760700F2E95E /* PBXContainerItemProxy */;
		};
		10020F3C1D82760700F2E95E /* PBXTargetDependency */ = {
			isa = PBXTargetDependency;
			target = 10020F1A1D82760700F2E95E /* BlightnessPlayer */;
			targetProxy = 10020F3B1D82760700F2E95E /* PBXContainerItemProxy */;
		};
/* End PBXTargetDependency section */

/* Begin PBXVariantGroup section */
		10020F221D82760700F2E95E /* Main.storyboard */ = {
			isa = PBXVariantGroup;
			children = (
				10020F231D82760700F2E95E /* Base */,
			);
			name = Main.storyboard;
			sourceTree = "<group>";
		};
		10020F271D82760700F2E95E /* LaunchScreen.storyboard */ = {
			isa = PBXVariantGroup;
			children = (
				10020F281D82760700F2E95E /* Base */,
			);
			name = LaunchScreen.storyboard;
			sourceTree = "<group>";
		};
/* End PBXVariantGroup section */

/* Begin XCBuildConfiguration section */
		10020F411D82760700F2E95E /* Debug */ = {
			isa = XCBuildConfiguration;
			buildSettings = {
				ALWAYS_SEARCH_USER_PATHS = NO;
				CLANG_ANALYZER_NONNULL = YES;
				CLANG_CXX_LANGUAGE_STANDARD = "gnu++0x";
				CLANG_CXX_LIBRARY = "libc++";
				CLANG_ENABLE_MODULES = YES;
				CLANG_ENABLE_OBJC_ARC = YES;
				CLANG_WARN_BOOL_CONVERSION = YES;
				CLANG_WARN_CONSTANT_CONVERSION = YES;
				CLANG_WARN_DIRECT_OBJC_ISA_USAGE = YES_ERROR;
				CLANG_WARN_EMPTY_BODY = YES;
				CLANG_WARN_ENUM_CONVERSION = YES;
				CLANG_WARN_INT_CONVERSION = YES;
				CLANG_WARN_OBJC_ROOT_CLASS = YES_ERROR;
				CLANG_WARN_UNREACHABLE_CODE = YES;
				CLANG_WARN__DUPLICATE_METHOD_MATCH = YES;
				"CODE_SIGN_IDENTITY[sdk=iphoneos*]" = "iPhone Developer";
				COPY_PHASE_STRIP = NO;
				DEBUG_INFORMATION_FORMAT = dwarf;
				ENABLE_STRICT_OBJC_MSGSEND = YES;
				ENABLE_TESTABILITY = YES;
				GCC_C_LANGUAGE_STANDARD = gnu99;
				GCC_DYNAMIC_NO_PIC = NO;
				GCC_NO_COMMON_BLOCKS = YES;
				GCC_OPTIMIZATION_LEVEL = 0;
				GCC_PREPROCESSOR_DEFINITIONS = (
					"DEBUG=1",
					"$(inherited)",
				);
				GCC_WARN_64_TO_32_BIT_CONVERSION = YES;
				GCC_WARN_ABOUT_RETURN_TYPE = YES_ERROR;
				GCC_WARN_UNDECLARED_SELECTOR = YES;
				GCC_WARN_UNINITIALIZED_AUTOS = YES_AGGRESSIVE;
				GCC_WARN_UNUSED_FUNCTION = YES;
				GCC_WARN_UNUSED_VARIABLE = YES;
				IPHONEOS_DEPLOYMENT_TARGET = 9.3;
				MTL_ENABLE_DEBUG_INFO = YES;
				ONLY_ACTIVE_ARCH = YES;
				SDKROOT = iphoneos;
				SWIFT_OPTIMIZATION_LEVEL = "-Onone";
			};
			name = Debug;
		};
		10020F421D82760700F2E95E /* Release */ = {
			isa = XCBuildConfiguration;
			buildSettings = {
				ALWAYS_SEARCH_USER_PATHS = NO;
				CLANG_ANALYZER_NONNULL = YES;
				CLANG_CXX_LANGUAGE_STANDARD = "gnu++0x";
				CLANG_CXX_LIBRARY = "libc++";
				CLANG_ENABLE_MODULES = YES;
				CLANG_ENABLE_OBJC_ARC = YES;
				CLANG_WARN_BOOL_CONVERSION = YES;
				CLANG_WARN_CONSTANT_CONVERSION = YES;
				CLANG_WARN_DIRECT_OBJC_ISA_USAGE = YES_ERROR;
				CLANG_WARN_EMPTY_BODY = YES;
				CLANG_WARN_ENUM_CONVERSION = YES;
				CLANG_WARN_INT_CONVERSION = YES;
				CLANG_WARN_OBJC_ROOT_CLASS = YES_ERROR;
				CLANG_WARN_UNREACHABLE_CODE = YES;
				CLANG_WARN__DUPLICATE_METHOD_MATCH = YES;
				"CODE_SIGN_IDENTITY[sdk=iphoneos*]" = "iPhone Developer";
				COPY_PHASE_STRIP = NO;
				DEBUG_INFORMATION_FORMAT = "dwarf-with-dsym";
				ENABLE_NS_ASSERTIONS = NO;
				ENABLE_STRICT_OBJC_MSGSEND = YES;
				GCC_C_LANGUAGE_STANDARD = gnu99;
				GCC_NO_COMMON_BLOCKS = YES;
				GCC_WARN_64_TO_32_BIT_CONVERSION = YES;
				GCC_WARN_ABOUT_RETURN_TYPE = YES_ERROR;
				GCC_WARN_UNDECLARED_SELECTOR = YES;
				GCC_WARN_UNINITIALIZED_AUTOS = YES_AGGRESSIVE;
				GCC_WARN_UNUSED_FUNCTION = YES;
				GCC_WARN_UNUSED_VARIABLE = YES;
				IPHONEOS_DEPLOYMENT_TARGET = 9.3;
				MTL_ENABLE_DEBUG_INFO = NO;
				SDKROOT = iphoneos;
				VALIDATE_PRODUCT = YES;
			};
			name = Release;
		};
		10020F441D82760700F2E95E /* Debug */ = {
			isa = XCBuildConfiguration;
			buildSettings = {
				ASSETCATALOG_COMPILER_APPICON_NAME = AppIcon;
				DEVELOPMENT_TEAM = FKX54925F6;
				INFOPLIST_FILE = BlightnessPlayer/Info.plist;
				IPHONEOS_DEPLOYMENT_TARGET = 9.3;
				LD_RUNPATH_SEARCH_PATHS = "$(inherited) @executable_path/Frameworks";
				PRODUCT_BUNDLE_IDENTIFIER = "com.garakuta-factory.BlightnessPlayer";
				PRODUCT_NAME = "$(TARGET_NAME)";
				SWIFT_VERSION = 2.3;
				TARGETED_DEVICE_FAMILY = 1;
			};
			name = Debug;
		};
		10020F451D82760700F2E95E /* Release */ = {
			isa = XCBuildConfiguration;
			buildSettings = {
				ASSETCATALOG_COMPILER_APPICON_NAME = AppIcon;
				DEVELOPMENT_TEAM = FKX54925F6;
				INFOPLIST_FILE = BlightnessPlayer/Info.plist;
				IPHONEOS_DEPLOYMENT_TARGET = 9.3;
				LD_RUNPATH_SEARCH_PATHS = "$(inherited) @executable_path/Frameworks";
				PRODUCT_BUNDLE_IDENTIFIER = "com.garakuta-factory.BlightnessPlayer";
				PRODUCT_NAME = "$(TARGET_NAME)";
				SWIFT_VERSION = 2.3;
				TARGETED_DEVICE_FAMILY = 1;
			};
			name = Release;
		};
		10020F471D82760700F2E95E /* Debug */ = {
			isa = XCBuildConfiguration;
			buildSettings = {
				BUNDLE_LOADER = "$(TEST_HOST)";
				INFOPLIST_FILE = BlightnessPlayerTests/Info.plist;
				LD_RUNPATH_SEARCH_PATHS = "$(inherited) @executable_path/Frameworks @loader_path/Frameworks";
				PRODUCT_BUNDLE_IDENTIFIER = "com.garakuta-factory.BlightnessPlayerTests";
				PRODUCT_NAME = "$(TARGET_NAME)";
				SWIFT_VERSION = 2.3;
				TEST_HOST = "$(BUILT_PRODUCTS_DIR)/BlightnessPlayer.app/BlightnessPlayer";
			};
			name = Debug;
		};
		10020F481D82760700F2E95E /* Release */ = {
			isa = XCBuildConfiguration;
			buildSettings = {
				BUNDLE_LOADER = "$(TEST_HOST)";
				INFOPLIST_FILE = BlightnessPlayerTests/Info.plist;
				LD_RUNPATH_SEARCH_PATHS = "$(inherited) @executable_path/Frameworks @loader_path/Frameworks";
				PRODUCT_BUNDLE_IDENTIFIER = "com.garakuta-factory.BlightnessPlayerTests";
				PRODUCT_NAME = "$(TARGET_NAME)";
				SWIFT_VERSION = 2.3;
				TEST_HOST = "$(BUILT_PRODUCTS_DIR)/BlightnessPlayer.app/BlightnessPlayer";
			};
			name = Release;
		};
		10020F4A1D82760700F2E95E /* Debug */ = {
			isa = XCBuildConfiguration;
			buildSettings = {
				INFOPLIST_FILE = BlightnessPlayerUITests/Info.plist;
				LD_RUNPATH_SEARCH_PATHS = "$(inherited) @executable_path/Frameworks @loader_path/Frameworks";
				PRODUCT_BUNDLE_IDENTIFIER = "com.garakuta-factory.BlightnessPlayerUITests";
				PRODUCT_NAME = "$(TARGET_NAME)";
				SWIFT_VERSION = 2.3;
				TEST_TARGET_NAME = BlightnessPlayer;
			};
			name = Debug;
		};
		10020F4B1D82760700F2E95E /* Release */ = {
			isa = XCBuildConfiguration;
			buildSettings = {
				INFOPLIST_FILE = BlightnessPlayerUITests/Info.plist;
				LD_RUNPATH_SEARCH_PATHS = "$(inherited) @executable_path/Frameworks @loader_path/Frameworks";
				PRODUCT_BUNDLE_IDENTIFIER = "com.garakuta-factory.BlightnessPlayerUITests";
				PRODUCT_NAME = "$(TARGET_NAME)";
				SWIFT_VERSION = 2.3;
				TEST_TARGET_NAME = BlightnessPlayer;
			};
			name = Release;
		};
/* End XCBuildConfiguration section */

/* Begin XCConfigurationList section */
		10020F161D82760700F2E95E /* Build configuration list for PBXProject "BlightnessPlayer" */ = {
			isa = XCConfigurationList;
			buildConfigurations = (
				10020F411D82760700F2E95E /* Debug */,
				10020F421D82760700F2E95E /* Release */,
			);
			defaultConfigurationIsVisible = 0;
			defaultConfigurationName = Release;
		};
		10020F431D82760700F2E95E /* Build configuration list for PBXNativeTarget "BlightnessPlayer" */ = {
			isa = XCConfigurationList;
			buildConfigurations = (
				10020F441D82760700F2E95E /* Debug */,
				10020F451D82760700F2E95E /* Release */,
			);
			defaultConfigurationIsVisible = 0;
			defaultConfigurationName = Release;
		};
		10020F461D82760700F2E95E /* Build configuration list for PBXNativeTarget "BlightnessPlayerTests" */ = {
			isa = XCConfigurationList;
			buildConfigurations = (
				10020F471D82760700F2E95E /* Debug */,
				10020F481D82760700F2E95E /* Release */,
			);
			defaultConfigurationIsVisible = 0;
			defaultConfigurationName = Release;
		};
		10020F491D82760700F2E95E /* Build configuration list for PBXNativeTarget "BlightnessPlayerUITests" */ = {
			isa = XCConfigurationList;
			buildConfigurations = (
				10020F4A1D82760700F2E95E /* Debug */,
				10020F4B1D82760700F2E95E /* Release */,
			);
			defaultConfigurationIsVisible = 0;
			defaultConfigurationName = Release;
		};
/* End XCConfigurationList section */
	};
	rootObject = 10020F131D82760700F2E95E /* Project object */;
}
